
Microsoft Visual Studio Solution File, Format Version 12.00
# Visual Studio Version 17
VisualStudioVersion = 17.11.35327.3
MinimumVisualStudioVersion = 10.0.40219.1
Project("{FAE04EC0-301F-11D3-BF4B-00C04F79EFBC}") = "D&D", "D&D\D&D.csproj", "{94AC5D28-9847-4912-B8B7-FFADABB92845}"
EndProject
Global
	GlobalSection(SolutionConfigurationPlatforms) = preSolution
		Debug|Any CPU = Debug|Any CPU
		Release|Any CPU = Release|Any CPU
	EndGlobalSection
	GlobalSection(ProjectConfigurationPlatforms) = postSolution
		{94AC5D28-9847-4912-B8B7-FFADABB92845}.Debug|Any CPU.ActiveCfg = Debug|Any CPU
		{94AC5D28-9847-4912-B8B7-FFADABB92845}.Debug|Any CPU.Build.0 = Debug|Any CPU
		{94AC5D28-9847-4912-B8B7-FFADABB92845}.Release|Any CPU.ActiveCfg = Release|Any CPU
		{94AC5D28-9847-4912-B8B7-FFADABB92845}.Release|Any CPU.Build.0 = Release|Any CPU
	EndGlobalSection
	GlobalSection(SolutionProperties) = preSolution
		HideSolutionNode = FALSE
	EndGlobalSection
	GlobalSection(ExtensibilityGlobals) = postSolution
		SolutionGuid = {28E1685A-01AC-4FB8-95E3-D36F2746CE15}
	EndGlobalSection
EndGlobal
